# THIS IS AN AUTOGENERATED FILE. DO NOT EDIT THIS FILE DIRECTLY.
# yarn lockfile v1


date-fns@^2.0.0:
  version "2.0.0"
  resolved "https://registry.yarnpkg.com/date-fns/-/date-fns-2.0.0.tgz#52f05c6ae1fe0e395670082c72b690ab781682d0"
  integrity sha512-nGZDA64Ktq5uTWV4LEH3qX+foV4AguT5qxwRlJDzJtf57d4xLNwtwrfb7SzKCoikoae8Bvxf0zdaEG/xWssp/w==
